
Microsoft Visual Studio Solution File, Format Version 12.00
# Visual Studio Version 17
VisualStudioVersion = 17.0.31903.59
MinimumVisualStudioVersion = 10.0.40219.1
Project("{FAE04EC0-301F-11D3-BF4B-00C04F79EFBC}") = "Domain", "Domain\Domain.csproj", "{4C657DAD-D4B0-4D0D-919B-09183DEBFE49}"
EndProject
Project("{FAE04EC0-301F-11D3-BF4B-00C04F79EFBC}") = "Tests", "Tests\Tests.csproj", "{F7FD0125-0424-450B-8A0D-8749E80B8BD6}"
EndProject
Global
	GlobalSection(SolutionConfigurationPlatforms) = preSolution
		Debug|Any CPU = Debug|Any CPU
		Release|Any CPU = Release|Any CPU
	EndGlobalSection
	GlobalSection(SolutionProperties) = preSolution
		HideSolutionNode = FALSE
	EndGlobalSection
	GlobalSection(ProjectConfigurationPlatforms) = postSolution
		{4C657DAD-D4B0-4D0D-919B-09183DEBFE49}.Debug|Any CPU.ActiveCfg = Debug|Any CPU
		{4C657DAD-D4B0-4D0D-919B-09183DEBFE49}.Debug|Any CPU.Build.0 = Debug|Any CPU
		{4C657DAD-D4B0-4D0D-919B-09183DEBFE49}.Release|Any CPU.ActiveCfg = Release|Any CPU
		{4C657DAD-D4B0-4D0D-919B-09183DEBFE49}.Release|Any CPU.Build.0 = Release|Any CPU
		{F7FD0125-0424-450B-8A0D-8749E80B8BD6}.Debug|Any CPU.ActiveCfg = Debug|Any CPU
		{F7FD0125-0424-450B-8A0D-8749E80B8BD6}.Debug|Any CPU.Build.0 = Debug|Any CPU
		{F7FD0125-0424-450B-8A0D-8749E80B8BD6}.Release|Any CPU.ActiveCfg = Release|Any CPU
		{F7FD0125-0424-450B-8A0D-8749E80B8BD6}.Release|Any CPU.Build.0 = Release|Any CPU
	EndGlobalSection
EndGlobal
