
Microsoft Visual Studio Solution File, Format Version 12.00
# Visual Studio Version 17
VisualStudioVersion = 17.0.31903.59
MinimumVisualStudioVersion = 10.0.40219.1
Project("{FAE04EC0-301F-11D3-BF4B-00C04F79EFBC}") = "Dominio", "Dominio\Dominio.csproj", "{AF0CD0E5-A2B0-447D-AE1D-BA91C1D0508F}"
EndProject
Project("{FAE04EC0-301F-11D3-BF4B-00C04F79EFBC}") = "Tests", "Tests\Tests.csproj", "{D27DC279-30C2-49DF-A787-918356EAA3B4}"
EndProject
Global
	GlobalSection(SolutionConfigurationPlatforms) = preSolution
		Debug|Any CPU = Debug|Any CPU
		Release|Any CPU = Release|Any CPU
	EndGlobalSection
	GlobalSection(SolutionProperties) = preSolution
		HideSolutionNode = FALSE
	EndGlobalSection
	GlobalSection(ProjectConfigurationPlatforms) = postSolution
		{AF0CD0E5-A2B0-447D-AE1D-BA91C1D0508F}.Debug|Any CPU.ActiveCfg = Debug|Any CPU
		{AF0CD0E5-A2B0-447D-AE1D-BA91C1D0508F}.Debug|Any CPU.Build.0 = Debug|Any CPU
		{AF0CD0E5-A2B0-447D-AE1D-BA91C1D0508F}.Release|Any CPU.ActiveCfg = Release|Any CPU
		{AF0CD0E5-A2B0-447D-AE1D-BA91C1D0508F}.Release|Any CPU.Build.0 = Release|Any CPU
		{D27DC279-30C2-49DF-A787-918356EAA3B4}.Debug|Any CPU.ActiveCfg = Debug|Any CPU
		{D27DC279-30C2-49DF-A787-918356EAA3B4}.Debug|Any CPU.Build.0 = Debug|Any CPU
		{D27DC279-30C2-49DF-A787-918356EAA3B4}.Release|Any CPU.ActiveCfg = Release|Any CPU
		{D27DC279-30C2-49DF-A787-918356EAA3B4}.Release|Any CPU.Build.0 = Release|Any CPU
	EndGlobalSection
EndGlobal
