
Microsoft Visual Studio Solution File, Format Version 12.00
# Visual Studio Version 17
VisualStudioVersion = 17.0.31903.59
MinimumVisualStudioVersion = 10.0.40219.1
Project("{FAE04EC0-301F-11D3-BF4B-00C04F79EFBC}") = "Produto", "Produto\Produto.csproj", "{71EC9208-2F03-4C22-855D-3761C205EE20}"
EndProject
Project("{FAE04EC0-301F-11D3-BF4B-00C04F79EFBC}") = "Tests", "Tests\Tests.csproj", "{B702C94E-083C-4ECA-87DD-4D6CB1FF13E7}"
EndProject
Global
	GlobalSection(SolutionConfigurationPlatforms) = preSolution
		Debug|Any CPU = Debug|Any CPU
		Release|Any CPU = Release|Any CPU
	EndGlobalSection
	GlobalSection(SolutionProperties) = preSolution
		HideSolutionNode = FALSE
	EndGlobalSection
	GlobalSection(ProjectConfigurationPlatforms) = postSolution
		{71EC9208-2F03-4C22-855D-3761C205EE20}.Debug|Any CPU.ActiveCfg = Debug|Any CPU
		{71EC9208-2F03-4C22-855D-3761C205EE20}.Debug|Any CPU.Build.0 = Debug|Any CPU
		{71EC9208-2F03-4C22-855D-3761C205EE20}.Release|Any CPU.ActiveCfg = Release|Any CPU
		{71EC9208-2F03-4C22-855D-3761C205EE20}.Release|Any CPU.Build.0 = Release|Any CPU
		{B702C94E-083C-4ECA-87DD-4D6CB1FF13E7}.Debug|Any CPU.ActiveCfg = Debug|Any CPU
		{B702C94E-083C-4ECA-87DD-4D6CB1FF13E7}.Debug|Any CPU.Build.0 = Debug|Any CPU
		{B702C94E-083C-4ECA-87DD-4D6CB1FF13E7}.Release|Any CPU.ActiveCfg = Release|Any CPU
		{B702C94E-083C-4ECA-87DD-4D6CB1FF13E7}.Release|Any CPU.Build.0 = Release|Any CPU
	EndGlobalSection
EndGlobal
